
Microsoft Visual Studio Solution File, Format Version 12.00
# Visual Studio Version 16
VisualStudioVersion = 16.0.31019.35
MinimumVisualStudioVersion = 10.0.40219.1
Project("{FAE04EC0-301F-11D3-BF4B-00C04F79EFBC}") = "PrimeraCalculadora", "PrimeraCalculadora\PrimeraCalculadora.csproj", "{A505BDA3-01D9-4A04-9B6D-DDE3D3F4EA5E}"
EndProject
Global
	GlobalSection(SolutionConfigurationPlatforms) = preSolution
		Debug|Any CPU = Debug|Any CPU
		Release|Any CPU = Release|Any CPU
	EndGlobalSection
	GlobalSection(ProjectConfigurationPlatforms) = postSolution
		{A505BDA3-01D9-4A04-9B6D-DDE3D3F4EA5E}.Debug|Any CPU.ActiveCfg = Debug|Any CPU
		{A505BDA3-01D9-4A04-9B6D-DDE3D3F4EA5E}.Debug|Any CPU.Build.0 = Debug|Any CPU
		{A505BDA3-01D9-4A04-9B6D-DDE3D3F4EA5E}.Release|Any CPU.ActiveCfg = Release|Any CPU
		{A505BDA3-01D9-4A04-9B6D-DDE3D3F4EA5E}.Release|Any CPU.Build.0 = Release|Any CPU
	EndGlobalSection
	GlobalSection(SolutionProperties) = preSolution
		HideSolutionNode = FALSE
	EndGlobalSection
	GlobalSection(ExtensibilityGlobals) = postSolution
		SolutionGuid = {7DDDC843-86D2-4180-A103-4364F6CA23B9}
	EndGlobalSection
EndGlobal
